<?xml version="1.0" encoding="utf-8"?>
<Project ToolsVersion="4.0" xmlns="http://schemas.microsoft.com/developer/msbuild/2003">
  <ItemGroup>
    <ClInclude Include="stdafx.h" />
    <ClInclude Include="UI.h" />
    <ClInclude Include="TextGame.h" />
    <ClInclude Include="TextGamePlayer.h" />
    <ClInclude Include="TextGameInfo.h" />
    <ClInclude Include="Inventory.h" />
    <ClInclude Include="Weapon.h" />
    <ClInclude Include="Armor.h" />
    <ClInclude Include="Potion.h" />
    <ClInclude Include="Dungeon.h" />
  </ItemGroup>
  <ItemGroup>
    <ClCompile Include="stdafx.cpp" />
    <ClCompile Include="classMain.cpp" />
    <ClCompile Include="UI.cpp" />
    <ClCompile Include="TextGame.cpp" />
    <ClCompile Include="TextGamePlayer.cpp" />
    <ClCompile Include="TextGameInfo.cpp" />
    <ClCompile Include="Inventory.cpp" />
    <ClCompile Include="Weapon.cpp" />
    <ClCompile Include="Armor.cpp" />
    <ClCompile Include="Potion.cpp" />
    <ClCompile Include="Dungeon.cpp" />
  </ItemGroup>
</Project>